%{
  "ham": {:hex, :ham, "0.3.2", "02ae195f49970ef667faf9d01bc454fb80909a83d6c775bcac724ca567aeb7b3", [:mix], [], "hexpm", "b71cc684c0e5a3d32b5f94b186770551509e93a9ae44ca1c1a313700f2f6a69a"},
  "mimic": {:hex, :mimic, "1.12.0", "34c9d1fb8e756df09ca5f96861d273f2bb01063df1a6a51a4c101f9ad7f07a9c", [:mix], [{:ham, "~> 0.2", [hex: :ham, repo: "hexpm", optional: false]}], "hexpm", "eaa43d495d6f3bc8099b28886e05a1b09a2a6be083f6385c3abc17599e5e2c43"},
}
